
Microsoft Visual Studio Solution File, Format Version 12.00
# Visual Studio Version 16
VisualStudioVersion = 16.0.33529.622
MinimumVisualStudioVersion = 10.0.40219.1
Project("{FAE04EC0-301F-11D3-BF4B-00C04F79EFBC}") = "Forms", "TPFinal_Nivel2\Forms.csproj", "{CA06010F-5D9D-4900-9EDE-614902FF4A1D}"
EndProject
Project("{FAE04EC0-301F-11D3-BF4B-00C04F79EFBC}") = "Dominio", "Dominio\Dominio.csproj", "{3861F466-8097-44DB-989B-3F81EEFE395B}"
EndProject
Project("{FAE04EC0-301F-11D3-BF4B-00C04F79EFBC}") = "Negocio", "Negocio\Negocio.csproj", "{9F5FF4D2-0068-4A12-A9B2-AB2C0744E041}"
EndProject
Global
	GlobalSection(SolutionConfigurationPlatforms) = preSolution
		Debug|Any CPU = Debug|Any CPU
		Release|Any CPU = Release|Any CPU
	EndGlobalSection
	GlobalSection(ProjectConfigurationPlatforms) = postSolution
		{CA06010F-5D9D-4900-9EDE-614902FF4A1D}.Debug|Any CPU.ActiveCfg = Debug|Any CPU
		{CA06010F-5D9D-4900-9EDE-614902FF4A1D}.Debug|Any CPU.Build.0 = Debug|Any CPU
		{CA06010F-5D9D-4900-9EDE-614902FF4A1D}.Release|Any CPU.ActiveCfg = Release|Any CPU
		{CA06010F-5D9D-4900-9EDE-614902FF4A1D}.Release|Any CPU.Build.0 = Release|Any CPU
		{3861F466-8097-44DB-989B-3F81EEFE395B}.Debug|Any CPU.ActiveCfg = Debug|Any CPU
		{3861F466-8097-44DB-989B-3F81EEFE395B}.Debug|Any CPU.Build.0 = Debug|Any CPU
		{3861F466-8097-44DB-989B-3F81EEFE395B}.Release|Any CPU.ActiveCfg = Release|Any CPU
		{3861F466-8097-44DB-989B-3F81EEFE395B}.Release|Any CPU.Build.0 = Release|Any CPU
		{9F5FF4D2-0068-4A12-A9B2-AB2C0744E041}.Debug|Any CPU.ActiveCfg = Debug|Any CPU
		{9F5FF4D2-0068-4A12-A9B2-AB2C0744E041}.Debug|Any CPU.Build.0 = Debug|Any CPU
		{9F5FF4D2-0068-4A12-A9B2-AB2C0744E041}.Release|Any CPU.ActiveCfg = Release|Any CPU
		{9F5FF4D2-0068-4A12-A9B2-AB2C0744E041}.Release|Any CPU.Build.0 = Release|Any CPU
	EndGlobalSection
	GlobalSection(SolutionProperties) = preSolution
		HideSolutionNode = FALSE
	EndGlobalSection
	GlobalSection(ExtensibilityGlobals) = postSolution
		SolutionGuid = {473D5619-06C0-4AF6-904F-C977EC8572EC}
	EndGlobalSection
EndGlobal
